{
    "doctrine/doctrine-bundle": {
        "version": "2.14.0"
    },
    "doctrine/doctrine-migrations-bundle": {
        "version": "3.4.1"
    },
    "knplabs/knp-paginator-bundle": {
        "version": "v6.8.0"
    },
    "phpunit/phpunit": {
        "version": "9.6",
        "recipe": {
            "version": "9.6"
        }
    },
    "symfony/asset-mapper": {
        "version": "7.2",
        "recipe": {
            "version": "6.4"
        }
    },
    "symfony/console": {
        "version": "7.2",
        "recipe": {
            "version": "5.3"
        }
    },
    "symfony/debug-bundle": {
        "version": "v7.2.0"
    },
    "symfony/flex": {
        "version": "2.5",
        "recipe": {
            "version": "1.0"
        }
    },
    "symfony/framework-bundle": {
        "version": "v7.2.5"
    },
    "symfony/mailer": {
        "version": "7.2",
        "recipe": {
            "version": "4.3"
        }
    },
    "symfony/maker-bundle": {
        "version": "v1.63.0"
    },
    "symfony/messenger": {
        "version": "7.2",
        "recipe": {
            "version": "6.0"
        }
    },
    "symfony/monolog-bundle": {
        "version": "v3.10.0"
    },
    "symfony/notifier": {
        "version": "7.2",
        "recipe": {
            "version": "5.0"
        }
    },
    "symfony/phpunit-bridge": {
        "version": "7.2",
        "recipe": {
            "version": "6.3"
        }
    },
    "symfony/routing": {
        "version": "7.2",
        "recipe": {
            "version": "7.0"
        }
    },
    "symfony/security-bundle": {
        "version": "v7.2.3"
    },
    "symfony/stimulus-bundle": {
        "version": "v2.24.0"
    },
    "symfony/translation": {
        "version": "7.2",
        "recipe": {
            "version": "6.3"
        }
    },
    "symfony/twig-bundle": {
        "version": "v7.2.0"
    },
    "symfony/ux-turbo": {
        "version": "v2.24.0"
    },
    "symfony/validator": {
        "version": "7.2",
        "recipe": {
            "version": "7.0"
        }
    },
    "symfony/web-profiler-bundle": {
        "version": "v7.2.4"
    },
    "twig/extra-bundle": {
        "version": "v3.21.0"
    }
}
